// !$*UTF8*$!
{
	archiveVersion = 1;
	classes = {
	};
	objectVersion = 46;
	objects = {

/* Begin PBXBuildFile section */
		1D03A29B1C7305E2005C5320 /* ImageHelper.swift in Sources */ = {isa = PBXBuildFile; fileRef = 1D03A29A1C7305E2005C5320 /* ImageHelper.swift */; };
		1D03A29D1C73074F005C5320 /* ViewControllerDetail.swift in Sources */ = {isa = PBXBuildFile; fileRef = 1D03A29C1C73074F005C5320 /* ViewControllerDetail.swift */; };
		1D03A29F1C730BA8005C5320 /* Cell.xib in Resources */ = {isa = PBXBuildFile; fileRef = 1D03A29E1C730BA8005C5320 /* Cell.xib */; };
		1D03A2A11C730C30005C5320 /* Cell.swift in Sources */ = {isa = PBXBuildFile; fileRef = 1D03A2A01C730C30005C5320 /* Cell.swift */; };
		6B11924E1C7286DB00D968B6 /* Constants.swift in Sources */ = {isa = PBXBuildFile; fileRef = 6B11924D1C7286DB00D968B6 /* Constants.swift */; };
		6B1192501C72885200D968B6 /* Gnome.swift in Sources */ = {isa = PBXBuildFile; fileRef = 6B11924F1C72885200D968B6 /* Gnome.swift */; };
		6BE690531C7117F4000D4222 /* AppDelegate.swift in Sources */ = {isa = PBXBuildFile; fileRef = 6BE690521C7117F4000D4222 /* AppDelegate.swift */; };
		6BE690551C7117F4000D4222 /* ViewController.swift in Sources */ = {isa = PBXBuildFile; fileRef = 6BE690541C7117F4000D4222 /* ViewController.swift */; };
		6BE690581C7117F4000D4222 /* Main.storyboard in Resources */ = {isa = PBXBuildFile; fileRef = 6BE690561C7117F4000D4222 /* Main.storyboard */; };
		6BE6905A1C7117F4000D4222 /* Assets.xcassets in Resources */ = {isa = PBXBuildFile; fileRef = 6BE690591C7117F4000D4222 /* Assets.xcassets */; };
		6BE6905D1C7117F4000D4222 /* LaunchScreen.storyboard in Resources */ = {isa = PBXBuildFile; fileRef = 6BE6905B1C7117F4000D4222 /* LaunchScreen.storyboard */; };
/* End PBXBuildFile section */

/* Begin PBXFileReference section */
		1D03A29A1C7305E2005C5320 /* ImageHelper.swift */ = {isa = PBXFileReference; fileEncoding = 4; lastKnownFileType = sourcecode.swift; path = ImageHelper.swift; sourceTree = "<group>"; };
		1D03A29C1C73074F005C5320 /* ViewControllerDetail.swift */ = {isa = PBXFileReference; fileEncoding = 4; lastKnownFileType = sourcecode.swift; path = ViewControllerDetail.swift; sourceTree = "<group>"; };
		1D03A29E1C730BA8005C5320 /* Cell.xib */ = {isa = PBXFileReference; fileEncoding = 4; lastKnownFileType = file.xib; path = Cell.xib; sourceTree = "<group>"; };
		1D03A2A01C730C30005C5320 /* Cell.swift */ = {isa = PBXFileReference; fileEncoding = 4; lastKnownFileType = sourcecode.swift; path = Cell.swift; sourceTree = "<group>"; };
		6B11924D1C7286DB00D968B6 /* Constants.swift */ = {isa = PBXFileReference; fileEncoding = 4; lastKnownFileType = sourcecode.swift; path = Constants.swift; sourceTree = "<group>"; };
		6B11924F1C72885200D968B6 /* Gnome.swift */ = {isa = PBXFileReference; fileEncoding = 4; lastKnownFileType = sourcecode.swift; path = Gnome.swift; sourceTree = "<group>"; };
		6BE6904F1C7117F4000D4222 /* Trade Finder.app */ = {isa = PBXFileReference; explicitFileType = wrapper.application; includeInIndex = 0; path = "Trade Finder.app"; sourceTree = BUILT_PRODUCTS_DIR; };
		6BE690521C7117F4000D4222 /* AppDelegate.swift */ = {isa = PBXFileReference; lastKnownFileType = sourcecode.swift; path = AppDelegate.swift; sourceTree = "<group>"; };
		6BE690541C7117F4000D4222 /* ViewController.swift */ = {isa = PBXFileReference; lastKnownFileType = sourcecode.swift; path = ViewController.swift; sourceTree = "<group>"; };
		6BE690571C7117F4000D4222 /* Base */ = {isa = PBXFileReference; lastKnownFileType = file.storyboard; name = Base; path = Base.lproj/Main.storyboard; sourceTree = "<group>"; };
		6BE690591C7117F4000D4222 /* Assets.xcassets */ = {isa = PBXFileReference; lastKnownFileType = folder.assetcatalog; path = Assets.xcassets; sourceTree = "<group>"; };
		6BE6905C1C7117F4000D4222 /* Base */ = {isa = PBXFileReference; lastKnownFileType = file.storyboard; name = Base; path = Base.lproj/LaunchScreen.storyboard; sourceTree = "<group>"; };
		6BE6905E1C7117F4000D4222 /* Info.plist */ = {isa = PBXFileReference; lastKnownFileType = text.plist.xml; path = Info.plist; sourceTree = "<group>"; };
/* End PBXFileReference section */

/* Begin PBXFrameworksBuildPhase section */
		6BE6904C1C7117F4000D4222 /* Frameworks */ = {
			isa = PBXFrameworksBuildPhase;
			buildActionMask = 2147483647;
			files = (
			);
			runOnlyForDeploymentPostprocessing = 0;
		};
/* End PBXFrameworksBuildPhase section */

/* Begin PBXGroup section */
		6BE690461C7117F4000D4222 = {
			isa = PBXGroup;
			children = (
				6BE690511C7117F4000D4222 /* Trade Finder */,
				6BE690501C7117F4000D4222 /* Products */,
			);
			sourceTree = "<group>";
		};
		6BE690501C7117F4000D4222 /* Products */ = {
			isa = PBXGroup;
			children = (
				6BE6904F1C7117F4000D4222 /* Trade Finder.app */,
			);
			name = Products;
			sourceTree = "<group>";
		};
		6BE690511C7117F4000D4222 /* Trade Finder */ = {
			isa = PBXGroup;
			children = (
				6BE690591C7117F4000D4222 /* Assets.xcassets */,
				6BE6905E1C7117F4000D4222 /* Info.plist */,
				6BE690561C7117F4000D4222 /* Main.storyboard */,
				6BE6905B1C7117F4000D4222 /* LaunchScreen.storyboard */,
				1D03A29E1C730BA8005C5320 /* Cell.xib */,
				1D03A2A01C730C30005C5320 /* Cell.swift */,
				6B11924D1C7286DB00D968B6 /* Constants.swift */,
				1D03A29A1C7305E2005C5320 /* ImageHelper.swift */,
				6B11924F1C72885200D968B6 /* Gnome.swift */,
				6BE690541C7117F4000D4222 /* ViewController.swift */,
				1D03A29C1C73074F005C5320 /* ViewControllerDetail.swift */,
				6BE690521C7117F4000D4222 /* AppDelegate.swift */,
			);
			path = "Trade Finder";
			sourceTree = "<group>";
		};
/* End PBXGroup section */

/* Begin PBXNativeTarget section */
		6BE6904E1C7117F4000D4222 /* Trade Finder */ = {
			isa = PBXNativeTarget;
			buildConfigurationList = 6BE690611C7117F4000D4222 /* Build configuration list for PBXNativeTarget "Trade Finder" */;
			buildPhases = (
				6BE6904B1C7117F4000D4222 /* Sources */,
				6BE6904C1C7117F4000D4222 /* Frameworks */,
				6BE6904D1C7117F4000D4222 /* Resources */,
			);
			buildRules = (
			);
			dependencies = (
			);
			name = "Trade Finder";
			productName = "Trade Finder";
			productReference = 6BE6904F1C7117F4000D4222 /* Trade Finder.app */;
			productType = "com.apple.product-type.application";
		};
/* End PBXNativeTarget section */

/* Begin PBXProject section */
		6BE690471C7117F4000D4222 /* Project object */ = {
			isa = PBXProject;
			attributes = {
				LastSwiftUpdateCheck = 0720;
				LastUpgradeCheck = 0720;
				ORGANIZATIONNAME = "Josep Gonzalez Fernandez";
				TargetAttributes = {
					6BE6904E1C7117F4000D4222 = {
						CreatedOnToolsVersion = 7.2.1;
					};
				};
			};
			buildConfigurationList = 6BE6904A1C7117F4000D4222 /* Build configuration list for PBXProject "Trade Finder" */;
			compatibilityVersion = "Xcode 3.2";
			developmentRegion = English;
			hasScannedForEncodings = 0;
			knownRegions = (
				en,
				Base,
			);
			mainGroup = 6BE690461C7117F4000D4222;
			productRefGroup = 6BE690501C7117F4000D4222 /* Products */;
			projectDirPath = "";
			projectRoot = "";
			targets = (
				6BE6904E1C7117F4000D4222 /* Trade Finder */,
			);
		};
/* End PBXProject section */

/* Begin PBXResourcesBuildPhase section */
		6BE6904D1C7117F4000D4222 /* Resources */ = {
			isa = PBXResourcesBuildPhase;
			buildActionMask = 2147483647;
			files = (
				6BE6905D1C7117F4000D4222 /* LaunchScreen.storyboard in Resources */,
				1D03A29F1C730BA8005C5320 /* Cell.xib in Resources */,
				6BE6905A1C7117F4000D4222 /* Assets.xcassets in Resources */,
				6BE690581C7117F4000D4222 /* Main.storyboard in Resources */,
			);
			runOnlyForDeploymentPostprocessing = 0;
		};
/* End PBXResourcesBuildPhase section */

/* Begin PBXSourcesBuildPhase section */
		6BE6904B1C7117F4000D4222 /* Sources */ = {
			isa = PBXSourcesBuildPhase;
			buildActionMask = 2147483647;
			files = (
				6B1192501C72885200D968B6 /* Gnome.swift in Sources */,
				1D03A29D1C73074F005C5320 /* ViewControllerDetail.swift in Sources */,
				1D03A2A11C730C30005C5320 /* Cell.swift in Sources */,
				1D03A29B1C7305E2005C5320 /* ImageHelper.swift in Sources */,
				6BE690551C7117F4000D4222 /* ViewController.swift in Sources */,
				6BE690531C7117F4000D4222 /* AppDelegate.swift in Sources */,
				6B11924E1C7286DB00D968B6 /* Constants.swift in Sources */,
			);
			runOnlyForDeploymentPostprocessing = 0;
		};
/* End PBXSourcesBuildPhase section */

/* Begin PBXVariantGroup section */
		6BE690561C7117F4000D4222 /* Main.storyboard */ = {
			isa = PBXVariantGroup;
			children = (
				6BE690571C7117F4000D4222 /* Base */,
			);
			name = Main.storyboard;
			sourceTree = "<group>";
		};
		6BE6905B1C7117F4000D4222 /* LaunchScreen.storyboard */ = {
			isa = PBXVariantGroup;
			children = (
				6BE6905C1C7117F4000D4222 /* Base */,
			);
			name = LaunchScreen.storyboard;
			sourceTree = "<group>";
		};
/* End PBXVariantGroup section */

/* Begin XCBuildConfiguration section */
		6BE6905F1C7117F4000D4222 /* Debug */ = {
			isa = XCBuildConfiguration;
			buildSettings = {
				ALWAYS_SEARCH_USER_PATHS = NO;
				CLANG_CXX_LANGUAGE_STANDARD = "gnu++0x";
				CLANG_CXX_LIBRARY = "libc++";
				CLANG_ENABLE_MODULES = YES;
				CLANG_ENABLE_OBJC_ARC = YES;
				CLANG_WARN_BOOL_CONVERSION = YES;
				CLANG_WARN_CONSTANT_CONVERSION = YES;
				CLANG_WARN_DIRECT_OBJC_ISA_USAGE = YES_ERROR;
				CLANG_WARN_EMPTY_BODY = YES;
				CLANG_WARN_ENUM_CONVERSION = YES;
				CLANG_WARN_INT_CONVERSION = YES;
				CLANG_WARN_OBJC_ROOT_CLASS = YES_ERROR;
				CLANG_WARN_UNREACHABLE_CODE = YES;
				CLANG_WARN__DUPLICATE_METHOD_MATCH = YES;
				"CODE_SIGN_IDENTITY[sdk=iphoneos*]" = "iPhone Developer";
				COPY_PHASE_STRIP = NO;
				DEBUG_INFORMATION_FORMAT = dwarf;
				ENABLE_STRICT_OBJC_MSGSEND = YES;
				ENABLE_TESTABILITY = YES;
				GCC_C_LANGUAGE_STANDARD = gnu99;
				GCC_DYNAMIC_NO_PIC = NO;
				GCC_NO_COMMON_BLOCKS = YES;
				GCC_OPTIMIZATION_LEVEL = 0;
				GCC_PREPROCESSOR_DEFINITIONS = (
					"DEBUG=1",
					"$(inherited)",
				);
				GCC_WARN_64_TO_32_BIT_CONVERSION = YES;
				GCC_WARN_ABOUT_RETURN_TYPE = YES_ERROR;
				GCC_WARN_UNDECLARED_SELECTOR = YES;
				GCC_WARN_UNINITIALIZED_AUTOS = YES_AGGRESSIVE;
				GCC_WARN_UNUSED_FUNCTION = YES;
				GCC_WARN_UNUSED_VARIABLE = YES;
				IPHONEOS_DEPLOYMENT_TARGET = 9.2;
				MTL_ENABLE_DEBUG_INFO = YES;
				ONLY_ACTIVE_ARCH = YES;
				SDKROOT = iphoneos;
				SWIFT_OPTIMIZATION_LEVEL = "-Onone";
				TARGETED_DEVICE_FAMILY = "1,2";
			};
			name = Debug;
		};
		6BE690601C7117F4000D4222 /* Release */ = {
			isa = XCBuildConfiguration;
			buildSettings = {
				ALWAYS_SEARCH_USER_PATHS = NO;
				CLANG_CXX_LANGUAGE_STANDARD = "gnu++0x";
				CLANG_CXX_LIBRARY = "libc++";
				CLANG_ENABLE_MODULES = YES;
				CLANG_ENABLE_OBJC_ARC = YES;
				CLANG_WARN_BOOL_CONVERSION = YES;
				CLANG_WARN_CONSTANT_CONVERSION = YES;
				CLANG_WARN_DIRECT_OBJC_ISA_USAGE = YES_ERROR;
				CLANG_WARN_EMPTY_BODY = YES;
				CLANG_WARN_ENUM_CONVERSION = YES;
				CLANG_WARN_INT_CONVERSION = YES;
				CLANG_WARN_OBJC_ROOT_CLASS = YES_ERROR;
				CLANG_WARN_UNREACHABLE_CODE = YES;
				CLANG_WARN__DUPLICATE_METHOD_MATCH = YES;
				"CODE_SIGN_IDENTITY[sdk=iphoneos*]" = "iPhone Developer";
				COPY_PHASE_STRIP = NO;
				DEBUG_INFORMATION_FORMAT = "dwarf-with-dsym";
				ENABLE_NS_ASSERTIONS = NO;
				ENABLE_STRICT_OBJC_MSGSEND = YES;
				GCC_C_LANGUAGE_STANDARD = gnu99;
				GCC_NO_COMMON_BLOCKS = YES;
				GCC_WARN_64_TO_32_BIT_CONVERSION = YES;
				GCC_WARN_ABOUT_RETURN_TYPE = YES_ERROR;
				GCC_WARN_UNDECLARED_SELECTOR = YES;
				GCC_WARN_UNINITIALIZED_AUTOS = YES_AGGRESSIVE;
				GCC_WARN_UNUSED_FUNCTION = YES;
				GCC_WARN_UNUSED_VARIABLE = YES;
				IPHONEOS_DEPLOYMENT_TARGET = 9.2;
				MTL_ENABLE_DEBUG_INFO = NO;
				SDKROOT = iphoneos;
				TARGETED_DEVICE_FAMILY = "1,2";
				VALIDATE_PRODUCT = YES;
			};
			name = Release;
		};
		6BE690621C7117F4000D4222 /* Debug */ = {
			isa = XCBuildConfiguration;
			buildSettings = {
				ASSETCATALOG_COMPILER_APPICON_NAME = AppIcon;
				INFOPLIST_FILE = "Trade Finder/Info.plist";
				IPHONEOS_DEPLOYMENT_TARGET = 8.0;
				LD_RUNPATH_SEARCH_PATHS = "$(inherited) @executable_path/Frameworks";
				PRODUCT_BUNDLE_IDENTIFIER = "com.jgonfer.Trade-Finder";
				PRODUCT_NAME = "$(TARGET_NAME)";
			};
			name = Debug;
		};
		6BE690631C7117F4000D4222 /* Release */ = {
			isa = XCBuildConfiguration;
			buildSettings = {
				ASSETCATALOG_COMPILER_APPICON_NAME = AppIcon;
				INFOPLIST_FILE = "Trade Finder/Info.plist";
				IPHONEOS_DEPLOYMENT_TARGET = 8.0;
				LD_RUNPATH_SEARCH_PATHS = "$(inherited) @executable_path/Frameworks";
				PRODUCT_BUNDLE_IDENTIFIER = "com.jgonfer.Trade-Finder";
				PRODUCT_NAME = "$(TARGET_NAME)";
			};
			name = Release;
		};
/* End XCBuildConfiguration section */

/* Begin XCConfigurationList section */
		6BE6904A1C7117F4000D4222 /* Build configuration list for PBXProject "Trade Finder" */ = {
			isa = XCConfigurationList;
			buildConfigurations = (
				6BE6905F1C7117F4000D4222 /* Debug */,
				6BE690601C7117F4000D4222 /* Release */,
			);
			defaultConfigurationIsVisible = 0;
			defaultConfigurationName = Release;
		};
		6BE690611C7117F4000D4222 /* Build configuration list for PBXNativeTarget "Trade Finder" */ = {
			isa = XCConfigurationList;
			buildConfigurations = (
				6BE690621C7117F4000D4222 /* Debug */,
				6BE690631C7117F4000D4222 /* Release */,
			);
			defaultConfigurationIsVisible = 0;
			defaultConfigurationName = Release;
		};
/* End XCConfigurationList section */
	};
	rootObject = 6BE690471C7117F4000D4222 /* Project object */;
}
